
Microsoft Visual Studio Solution File, Format Version 12.00
# Visual Studio 15
VisualStudioVersion = 15.0.34112.143
MinimumVisualStudioVersion = 10.0.40219.1
Project("{FAE04EC0-301F-11D3-BF4B-00C04F79EFBC}") = "QL_DatVeXe", "QL_DatVeXe\QL_DatVeXe.csproj", "{3CD186D5-2A21-4C64-8DAE-A7AFE4CBF9C2}"
EndProject
Project("{FAE04EC0-301F-11D3-BF4B-00C04F79EFBC}") = "QL_DatVeXe.Tests", "QL_DatVeXe.Tests\QL_DatVeXe.Tests.csproj", "{641EB862-D876-43CD-99B2-98560B556283}"
EndProject
Global
	GlobalSection(SolutionConfigurationPlatforms) = preSolution
		Debug|Any CPU = Debug|Any CPU
		Release|Any CPU = Release|Any CPU
	EndGlobalSection
	GlobalSection(ProjectConfigurationPlatforms) = postSolution
		{3CD186D5-2A21-4C64-8DAE-A7AFE4CBF9C2}.Debug|Any CPU.ActiveCfg = Debug|Any CPU
		{3CD186D5-2A21-4C64-8DAE-A7AFE4CBF9C2}.Debug|Any CPU.Build.0 = Debug|Any CPU
		{3CD186D5-2A21-4C64-8DAE-A7AFE4CBF9C2}.Release|Any CPU.ActiveCfg = Release|Any CPU
		{3CD186D5-2A21-4C64-8DAE-A7AFE4CBF9C2}.Release|Any CPU.Build.0 = Release|Any CPU
		{641EB862-D876-43CD-99B2-98560B556283}.Debug|Any CPU.ActiveCfg = Debug|Any CPU
		{641EB862-D876-43CD-99B2-98560B556283}.Debug|Any CPU.Build.0 = Debug|Any CPU
		{641EB862-D876-43CD-99B2-98560B556283}.Release|Any CPU.ActiveCfg = Release|Any CPU
		{641EB862-D876-43CD-99B2-98560B556283}.Release|Any CPU.Build.0 = Release|Any CPU
	EndGlobalSection
	GlobalSection(SolutionProperties) = preSolution
		HideSolutionNode = FALSE
	EndGlobalSection
	GlobalSection(ExtensibilityGlobals) = postSolution
		SolutionGuid = {60926CD6-49B7-424B-A12D-3F8144E0396C}
	EndGlobalSection
EndGlobal
